
Microsoft Visual Studio Solution File, Format Version 12.00
# Visual Studio 15
VisualStudioVersion = 15.0.27703.2042
MinimumVisualStudioVersion = 10.0.40219.1
Project("{FAE04EC0-301F-11D3-BF4B-00C04F79EFBC}") = "IfDecisionMakingProgram", "IfDecisionMakingProgram\IfDecisionMakingProgram.csproj", "{19083658-5401-41E3-8ECB-ADA474D6452C}"
EndProject
Global
	GlobalSection(SolutionConfigurationPlatforms) = preSolution
		Debug|Any CPU = Debug|Any CPU
		Release|Any CPU = Release|Any CPU
	EndGlobalSection
	GlobalSection(ProjectConfigurationPlatforms) = postSolution
		{19083658-5401-41E3-8ECB-ADA474D6452C}.Debug|Any CPU.ActiveCfg = Debug|Any CPU
		{19083658-5401-41E3-8ECB-ADA474D6452C}.Debug|Any CPU.Build.0 = Debug|Any CPU
		{19083658-5401-41E3-8ECB-ADA474D6452C}.Release|Any CPU.ActiveCfg = Release|Any CPU
		{19083658-5401-41E3-8ECB-ADA474D6452C}.Release|Any CPU.Build.0 = Release|Any CPU
	EndGlobalSection
	GlobalSection(SolutionProperties) = preSolution
		HideSolutionNode = FALSE
	EndGlobalSection
	GlobalSection(ExtensibilityGlobals) = postSolution
		SolutionGuid = {10F6F79C-4F25-4999-82A2-C9FDEB81CDBE}
	EndGlobalSection
EndGlobal
