
Microsoft Visual Studio Solution File, Format Version 12.00
# Visual Studio 15
VisualStudioVersion = 15.0.27703.2026
MinimumVisualStudioVersion = 10.0.40219.1
Project("{FAE04EC0-301F-11D3-BF4B-00C04F79EFBC}") = "BinaryLiterals", "BinaryLiterals\BinaryLiterals.csproj", "{C058E4B9-ACB1-47AF-B2C5-09B21A337129}"
EndProject
Global
	GlobalSection(SolutionConfigurationPlatforms) = preSolution
		Debug|Any CPU = Debug|Any CPU
		Release|Any CPU = Release|Any CPU
	EndGlobalSection
	GlobalSection(ProjectConfigurationPlatforms) = postSolution
		{C058E4B9-ACB1-47AF-B2C5-09B21A337129}.Debug|Any CPU.ActiveCfg = Debug|Any CPU
		{C058E4B9-ACB1-47AF-B2C5-09B21A337129}.Debug|Any CPU.Build.0 = Debug|Any CPU
		{C058E4B9-ACB1-47AF-B2C5-09B21A337129}.Release|Any CPU.ActiveCfg = Release|Any CPU
		{C058E4B9-ACB1-47AF-B2C5-09B21A337129}.Release|Any CPU.Build.0 = Release|Any CPU
	EndGlobalSection
	GlobalSection(SolutionProperties) = preSolution
		HideSolutionNode = FALSE
	EndGlobalSection
	GlobalSection(ExtensibilityGlobals) = postSolution
		SolutionGuid = {6132AA60-2E2F-4DB8-94D1-28734C4BF111}
	EndGlobalSection
EndGlobal
