
Microsoft Visual Studio Solution File, Format Version 12.00
# Visual Studio 15
VisualStudioVersion = 15.0.28010.2019
MinimumVisualStudioVersion = 10.0.40219.1
Project("{FAE04EC0-301F-11D3-BF4B-00C04F79EFBC}") = "MultiDimensionalArrays", "MatrixArrays2\MultiDimensionalArrays.csproj", "{6B7D79A2-9C36-43B8-AC88-9B0D3BCD1F07}"
EndProject
Global
	GlobalSection(SolutionConfigurationPlatforms) = preSolution
		Debug|Any CPU = Debug|Any CPU
		Release|Any CPU = Release|Any CPU
	EndGlobalSection
	GlobalSection(ProjectConfigurationPlatforms) = postSolution
		{6B7D79A2-9C36-43B8-AC88-9B0D3BCD1F07}.Debug|Any CPU.ActiveCfg = Debug|Any CPU
		{6B7D79A2-9C36-43B8-AC88-9B0D3BCD1F07}.Debug|Any CPU.Build.0 = Debug|Any CPU
		{6B7D79A2-9C36-43B8-AC88-9B0D3BCD1F07}.Release|Any CPU.ActiveCfg = Release|Any CPU
		{6B7D79A2-9C36-43B8-AC88-9B0D3BCD1F07}.Release|Any CPU.Build.0 = Release|Any CPU
	EndGlobalSection
	GlobalSection(SolutionProperties) = preSolution
		HideSolutionNode = FALSE
	EndGlobalSection
	GlobalSection(ExtensibilityGlobals) = postSolution
		SolutionGuid = {141F103C-BEB1-4EA5-A73A-4B58FDA8C24F}
	EndGlobalSection
EndGlobal
