
Microsoft Visual Studio Solution File, Format Version 12.00
# Visual Studio 15
VisualStudioVersion = 15.0.27703.2026
MinimumVisualStudioVersion = 10.0.40219.1
Project("{FAE04EC0-301F-11D3-BF4B-00C04F79EFBC}") = "AreaOfTraingleCalculator", "AreaOfTraingleCalculator\AreaOfTraingleCalculator.csproj", "{AB5E6D50-CFB4-42BC-BA0B-AD6721DEC1A5}"
EndProject
Global
	GlobalSection(SolutionConfigurationPlatforms) = preSolution
		Debug|Any CPU = Debug|Any CPU
		Release|Any CPU = Release|Any CPU
	EndGlobalSection
	GlobalSection(ProjectConfigurationPlatforms) = postSolution
		{AB5E6D50-CFB4-42BC-BA0B-AD6721DEC1A5}.Debug|Any CPU.ActiveCfg = Debug|Any CPU
		{AB5E6D50-CFB4-42BC-BA0B-AD6721DEC1A5}.Debug|Any CPU.Build.0 = Debug|Any CPU
		{AB5E6D50-CFB4-42BC-BA0B-AD6721DEC1A5}.Release|Any CPU.ActiveCfg = Release|Any CPU
		{AB5E6D50-CFB4-42BC-BA0B-AD6721DEC1A5}.Release|Any CPU.Build.0 = Release|Any CPU
	EndGlobalSection
	GlobalSection(SolutionProperties) = preSolution
		HideSolutionNode = FALSE
	EndGlobalSection
	GlobalSection(ExtensibilityGlobals) = postSolution
		SolutionGuid = {130BE1D5-BEA3-40B8-A4FD-0BCBD713998A}
	EndGlobalSection
EndGlobal
