
Microsoft Visual Studio Solution File, Format Version 12.00
# Visual Studio 15
VisualStudioVersion = 15.0.27703.2035
MinimumVisualStudioVersion = 10.0.40219.1
Project("{FAE04EC0-301F-11D3-BF4B-00C04F79EFBC}") = "MultipleParentheses", "MultipleParentheses\MultipleParentheses.csproj", "{13DD1B75-CCC4-4EDF-96B9-8BEBE56EB448}"
EndProject
Global
	GlobalSection(SolutionConfigurationPlatforms) = preSolution
		Debug|Any CPU = Debug|Any CPU
		Release|Any CPU = Release|Any CPU
	EndGlobalSection
	GlobalSection(ProjectConfigurationPlatforms) = postSolution
		{13DD1B75-CCC4-4EDF-96B9-8BEBE56EB448}.Debug|Any CPU.ActiveCfg = Debug|Any CPU
		{13DD1B75-CCC4-4EDF-96B9-8BEBE56EB448}.Debug|Any CPU.Build.0 = Debug|Any CPU
		{13DD1B75-CCC4-4EDF-96B9-8BEBE56EB448}.Release|Any CPU.ActiveCfg = Release|Any CPU
		{13DD1B75-CCC4-4EDF-96B9-8BEBE56EB448}.Release|Any CPU.Build.0 = Release|Any CPU
	EndGlobalSection
	GlobalSection(SolutionProperties) = preSolution
		HideSolutionNode = FALSE
	EndGlobalSection
	GlobalSection(ExtensibilityGlobals) = postSolution
		SolutionGuid = {72C9C55D-5681-4941-807A-554EC424B231}
	EndGlobalSection
EndGlobal
