
Microsoft Visual Studio Solution File, Format Version 12.00
# Visual Studio 15
VisualStudioVersion = 15.0.28010.2019
MinimumVisualStudioVersion = 10.0.40219.1
Project("{FAE04EC0-301F-11D3-BF4B-00C04F79EFBC}") = "CreatingArrays.cs", "CreatingArrays.cs\CreatingArrays.cs.csproj", "{199127F6-3278-43FF-832A-9D1F9E34A348}"
EndProject
Global
	GlobalSection(SolutionConfigurationPlatforms) = preSolution
		Debug|Any CPU = Debug|Any CPU
		Release|Any CPU = Release|Any CPU
	EndGlobalSection
	GlobalSection(ProjectConfigurationPlatforms) = postSolution
		{199127F6-3278-43FF-832A-9D1F9E34A348}.Debug|Any CPU.ActiveCfg = Debug|Any CPU
		{199127F6-3278-43FF-832A-9D1F9E34A348}.Debug|Any CPU.Build.0 = Debug|Any CPU
		{199127F6-3278-43FF-832A-9D1F9E34A348}.Release|Any CPU.ActiveCfg = Release|Any CPU
		{199127F6-3278-43FF-832A-9D1F9E34A348}.Release|Any CPU.Build.0 = Release|Any CPU
	EndGlobalSection
	GlobalSection(SolutionProperties) = preSolution
		HideSolutionNode = FALSE
	EndGlobalSection
	GlobalSection(ExtensibilityGlobals) = postSolution
		SolutionGuid = {99004FF6-4299-4CAB-914B-76555BB8B5DB}
	EndGlobalSection
EndGlobal
