
Microsoft Visual Studio Solution File, Format Version 12.00
# Visual Studio 15
VisualStudioVersion = 15.0.27703.2035
MinimumVisualStudioVersion = 10.0.40219.1
Project("{FAE04EC0-301F-11D3-BF4B-00C04F79EFBC}") = "EqualSignMeaning", "EqualSignMeaning\EqualSignMeaning.csproj", "{D9FAA733-9145-456C-80F3-868BEE6223CB}"
EndProject
Global
	GlobalSection(SolutionConfigurationPlatforms) = preSolution
		Debug|Any CPU = Debug|Any CPU
		Release|Any CPU = Release|Any CPU
	EndGlobalSection
	GlobalSection(ProjectConfigurationPlatforms) = postSolution
		{D9FAA733-9145-456C-80F3-868BEE6223CB}.Debug|Any CPU.ActiveCfg = Debug|Any CPU
		{D9FAA733-9145-456C-80F3-868BEE6223CB}.Debug|Any CPU.Build.0 = Debug|Any CPU
		{D9FAA733-9145-456C-80F3-868BEE6223CB}.Release|Any CPU.ActiveCfg = Release|Any CPU
		{D9FAA733-9145-456C-80F3-868BEE6223CB}.Release|Any CPU.Build.0 = Release|Any CPU
	EndGlobalSection
	GlobalSection(SolutionProperties) = preSolution
		HideSolutionNode = FALSE
	EndGlobalSection
	GlobalSection(ExtensibilityGlobals) = postSolution
		SolutionGuid = {3C77751D-5087-40FD-AF68-962AABA6F9C1}
	EndGlobalSection
EndGlobal
