
Microsoft Visual Studio Solution File, Format Version 12.00
# Visual Studio 15
VisualStudioVersion = 15.0.28010.2003
MinimumVisualStudioVersion = 10.0.40219.1
Project("{FAE04EC0-301F-11D3-BF4B-00C04F79EFBC}") = "ForLoop", "ForLoop\ForLoop.csproj", "{CEE836FB-F9CF-4FD6-A9C1-CE4B86496493}"
EndProject
Global
	GlobalSection(SolutionConfigurationPlatforms) = preSolution
		Debug|Any CPU = Debug|Any CPU
		Release|Any CPU = Release|Any CPU
	EndGlobalSection
	GlobalSection(ProjectConfigurationPlatforms) = postSolution
		{CEE836FB-F9CF-4FD6-A9C1-CE4B86496493}.Debug|Any CPU.ActiveCfg = Debug|Any CPU
		{CEE836FB-F9CF-4FD6-A9C1-CE4B86496493}.Debug|Any CPU.Build.0 = Debug|Any CPU
		{CEE836FB-F9CF-4FD6-A9C1-CE4B86496493}.Release|Any CPU.ActiveCfg = Release|Any CPU
		{CEE836FB-F9CF-4FD6-A9C1-CE4B86496493}.Release|Any CPU.Build.0 = Release|Any CPU
	EndGlobalSection
	GlobalSection(SolutionProperties) = preSolution
		HideSolutionNode = FALSE
	EndGlobalSection
	GlobalSection(ExtensibilityGlobals) = postSolution
		SolutionGuid = {F8DA92F6-91B7-405D-B0BD-013D8A43EF3D}
	EndGlobalSection
EndGlobal
