
Microsoft Visual Studio Solution File, Format Version 12.00
# Visual Studio 15
VisualStudioVersion = 15.0.28010.2026
MinimumVisualStudioVersion = 10.0.40219.1
Project("{FAE04EC0-301F-11D3-BF4B-00C04F79EFBC}") = "Enumerations", "Enumerations\Enumerations.csproj", "{7E554BBE-8296-4152-A4B9-030C650E931C}"
EndProject
Global
	GlobalSection(SolutionConfigurationPlatforms) = preSolution
		Debug|Any CPU = Debug|Any CPU
		Release|Any CPU = Release|Any CPU
	EndGlobalSection
	GlobalSection(ProjectConfigurationPlatforms) = postSolution
		{7E554BBE-8296-4152-A4B9-030C650E931C}.Debug|Any CPU.ActiveCfg = Debug|Any CPU
		{7E554BBE-8296-4152-A4B9-030C650E931C}.Debug|Any CPU.Build.0 = Debug|Any CPU
		{7E554BBE-8296-4152-A4B9-030C650E931C}.Release|Any CPU.ActiveCfg = Release|Any CPU
		{7E554BBE-8296-4152-A4B9-030C650E931C}.Release|Any CPU.Build.0 = Release|Any CPU
	EndGlobalSection
	GlobalSection(SolutionProperties) = preSolution
		HideSolutionNode = FALSE
	EndGlobalSection
	GlobalSection(ExtensibilityGlobals) = postSolution
		SolutionGuid = {40989E5F-9AB2-42F4-96E8-192B39970D53}
	EndGlobalSection
EndGlobal
