
Microsoft Visual Studio Solution File, Format Version 12.00
# Visual Studio 15
VisualStudioVersion = 15.0.28010.2026
MinimumVisualStudioVersion = 10.0.40219.1
Project("{FAE04EC0-301F-11D3-BF4B-00C04F79EFBC}") = "EnumerationsNumbers", "EnumerationsNumbers\EnumerationsNumbers.csproj", "{C44E1EB9-048A-4F51-97E8-BAAD29EB2C65}"
EndProject
Global
	GlobalSection(SolutionConfigurationPlatforms) = preSolution
		Debug|Any CPU = Debug|Any CPU
		Release|Any CPU = Release|Any CPU
	EndGlobalSection
	GlobalSection(ProjectConfigurationPlatforms) = postSolution
		{C44E1EB9-048A-4F51-97E8-BAAD29EB2C65}.Debug|Any CPU.ActiveCfg = Debug|Any CPU
		{C44E1EB9-048A-4F51-97E8-BAAD29EB2C65}.Debug|Any CPU.Build.0 = Debug|Any CPU
		{C44E1EB9-048A-4F51-97E8-BAAD29EB2C65}.Release|Any CPU.ActiveCfg = Release|Any CPU
		{C44E1EB9-048A-4F51-97E8-BAAD29EB2C65}.Release|Any CPU.Build.0 = Release|Any CPU
	EndGlobalSection
	GlobalSection(SolutionProperties) = preSolution
		HideSolutionNode = FALSE
	EndGlobalSection
	GlobalSection(ExtensibilityGlobals) = postSolution
		SolutionGuid = {53D6AA86-40E8-40AC-A7F9-53DBC65BAD21}
	EndGlobalSection
EndGlobal
