
Microsoft Visual Studio Solution File, Format Version 12.00
# Visual Studio 15
VisualStudioVersion = 15.0.28010.2026
MinimumVisualStudioVersion = 10.0.40219.1
Project("{FAE04EC0-301F-11D3-BF4B-00C04F79EFBC}") = "ReturnMethods", "ReturnMethods\ReturnMethods.csproj", "{BA561F15-E732-46F2-A641-DCC18A02EB26}"
EndProject
Global
	GlobalSection(SolutionConfigurationPlatforms) = preSolution
		Debug|Any CPU = Debug|Any CPU
		Release|Any CPU = Release|Any CPU
	EndGlobalSection
	GlobalSection(ProjectConfigurationPlatforms) = postSolution
		{BA561F15-E732-46F2-A641-DCC18A02EB26}.Debug|Any CPU.ActiveCfg = Debug|Any CPU
		{BA561F15-E732-46F2-A641-DCC18A02EB26}.Debug|Any CPU.Build.0 = Debug|Any CPU
		{BA561F15-E732-46F2-A641-DCC18A02EB26}.Release|Any CPU.ActiveCfg = Release|Any CPU
		{BA561F15-E732-46F2-A641-DCC18A02EB26}.Release|Any CPU.Build.0 = Release|Any CPU
	EndGlobalSection
	GlobalSection(SolutionProperties) = preSolution
		HideSolutionNode = FALSE
	EndGlobalSection
	GlobalSection(ExtensibilityGlobals) = postSolution
		SolutionGuid = {CC01F173-20B6-4D03-8E5C-858CD04C2A18}
	EndGlobalSection
EndGlobal
