
Microsoft Visual Studio Solution File, Format Version 12.00
# Visual Studio 15
VisualStudioVersion = 15.0.28010.2003
MinimumVisualStudioVersion = 10.0.40219.1
Project("{FAE04EC0-301F-11D3-BF4B-00C04F79EFBC}") = "SimpleSwitchCalc", "SimpleSwitchCalc\SimpleSwitchCalc.csproj", "{FDDD8715-3A98-4922-B7F4-57D06E888193}"
EndProject
Global
	GlobalSection(SolutionConfigurationPlatforms) = preSolution
		Debug|Any CPU = Debug|Any CPU
		Release|Any CPU = Release|Any CPU
	EndGlobalSection
	GlobalSection(ProjectConfigurationPlatforms) = postSolution
		{FDDD8715-3A98-4922-B7F4-57D06E888193}.Debug|Any CPU.ActiveCfg = Debug|Any CPU
		{FDDD8715-3A98-4922-B7F4-57D06E888193}.Debug|Any CPU.Build.0 = Debug|Any CPU
		{FDDD8715-3A98-4922-B7F4-57D06E888193}.Release|Any CPU.ActiveCfg = Release|Any CPU
		{FDDD8715-3A98-4922-B7F4-57D06E888193}.Release|Any CPU.Build.0 = Release|Any CPU
	EndGlobalSection
	GlobalSection(SolutionProperties) = preSolution
		HideSolutionNode = FALSE
	EndGlobalSection
	GlobalSection(ExtensibilityGlobals) = postSolution
		SolutionGuid = {AB2D7B34-EC8E-486C-89D1-9157B40349F5}
	EndGlobalSection
EndGlobal
