
Microsoft Visual Studio Solution File, Format Version 12.00
# Visual Studio 15
VisualStudioVersion = 15.0.28010.2003
MinimumVisualStudioVersion = 10.0.40219.1
Project("{FAE04EC0-301F-11D3-BF4B-00C04F79EFBC}") = "ForLoopContinue", "ForLoopContinue\ForLoopContinue.csproj", "{16DB4792-E865-44E2-A794-64F4ED6139BC}"
EndProject
Global
	GlobalSection(SolutionConfigurationPlatforms) = preSolution
		Debug|Any CPU = Debug|Any CPU
		Release|Any CPU = Release|Any CPU
	EndGlobalSection
	GlobalSection(ProjectConfigurationPlatforms) = postSolution
		{16DB4792-E865-44E2-A794-64F4ED6139BC}.Debug|Any CPU.ActiveCfg = Debug|Any CPU
		{16DB4792-E865-44E2-A794-64F4ED6139BC}.Debug|Any CPU.Build.0 = Debug|Any CPU
		{16DB4792-E865-44E2-A794-64F4ED6139BC}.Release|Any CPU.ActiveCfg = Release|Any CPU
		{16DB4792-E865-44E2-A794-64F4ED6139BC}.Release|Any CPU.Build.0 = Release|Any CPU
	EndGlobalSection
	GlobalSection(SolutionProperties) = preSolution
		HideSolutionNode = FALSE
	EndGlobalSection
	GlobalSection(ExtensibilityGlobals) = postSolution
		SolutionGuid = {3862F28A-89FA-46BE-8178-FD85F5A63F0D}
	EndGlobalSection
EndGlobal
