
Microsoft Visual Studio Solution File, Format Version 12.00
# Visual Studio 15
VisualStudioVersion = 15.0.27703.2042
MinimumVisualStudioVersion = 10.0.40219.1
Project("{FAE04EC0-301F-11D3-BF4B-00C04F79EFBC}") = "MinValueMaxValue", "MinValueMaxValue\MinValueMaxValue.csproj", "{08BDA396-3E22-402D-A0F0-8ED1B992E324}"
EndProject
Global
	GlobalSection(SolutionConfigurationPlatforms) = preSolution
		Debug|Any CPU = Debug|Any CPU
		Release|Any CPU = Release|Any CPU
	EndGlobalSection
	GlobalSection(ProjectConfigurationPlatforms) = postSolution
		{08BDA396-3E22-402D-A0F0-8ED1B992E324}.Debug|Any CPU.ActiveCfg = Debug|Any CPU
		{08BDA396-3E22-402D-A0F0-8ED1B992E324}.Debug|Any CPU.Build.0 = Debug|Any CPU
		{08BDA396-3E22-402D-A0F0-8ED1B992E324}.Release|Any CPU.ActiveCfg = Release|Any CPU
		{08BDA396-3E22-402D-A0F0-8ED1B992E324}.Release|Any CPU.Build.0 = Release|Any CPU
	EndGlobalSection
	GlobalSection(SolutionProperties) = preSolution
		HideSolutionNode = FALSE
	EndGlobalSection
	GlobalSection(ExtensibilityGlobals) = postSolution
		SolutionGuid = {80B5C88D-1464-4D02-82BD-B6BFD7B73868}
	EndGlobalSection
EndGlobal
