
Microsoft Visual Studio Solution File, Format Version 12.00
# Visual Studio 15
VisualStudioVersion = 15.0.27703.2042
MinimumVisualStudioVersion = 10.0.40219.1
Project("{FAE04EC0-301F-11D3-BF4B-00C04F79EFBC}") = "OverflowUnderflow", "OverflowUnderflow\OverflowUnderflow.csproj", "{38CCDDAC-088B-48A7-93CB-82C98EE4067E}"
EndProject
Global
	GlobalSection(SolutionConfigurationPlatforms) = preSolution
		Debug|Any CPU = Debug|Any CPU
		Release|Any CPU = Release|Any CPU
	EndGlobalSection
	GlobalSection(ProjectConfigurationPlatforms) = postSolution
		{38CCDDAC-088B-48A7-93CB-82C98EE4067E}.Debug|Any CPU.ActiveCfg = Debug|Any CPU
		{38CCDDAC-088B-48A7-93CB-82C98EE4067E}.Debug|Any CPU.Build.0 = Debug|Any CPU
		{38CCDDAC-088B-48A7-93CB-82C98EE4067E}.Release|Any CPU.ActiveCfg = Release|Any CPU
		{38CCDDAC-088B-48A7-93CB-82C98EE4067E}.Release|Any CPU.Build.0 = Release|Any CPU
	EndGlobalSection
	GlobalSection(SolutionProperties) = preSolution
		HideSolutionNode = FALSE
	EndGlobalSection
	GlobalSection(ExtensibilityGlobals) = postSolution
		SolutionGuid = {88ED1020-6178-4C54-AF89-4D0127DA609E}
	EndGlobalSection
EndGlobal
