
Microsoft Visual Studio Solution File, Format Version 12.00
# Visual Studio 15
VisualStudioVersion = 15.0.27703.2035
MinimumVisualStudioVersion = 10.0.40219.1
Project("{FAE04EC0-301F-11D3-BF4B-00C04F79EFBC}") = "StringInterpolation", "StringInterpolation\StringInterpolation.csproj", "{5C5ADE78-F5A0-4C58-ADB8-762D106887DC}"
EndProject
Global
	GlobalSection(SolutionConfigurationPlatforms) = preSolution
		Debug|Any CPU = Debug|Any CPU
		Release|Any CPU = Release|Any CPU
	EndGlobalSection
	GlobalSection(ProjectConfigurationPlatforms) = postSolution
		{5C5ADE78-F5A0-4C58-ADB8-762D106887DC}.Debug|Any CPU.ActiveCfg = Debug|Any CPU
		{5C5ADE78-F5A0-4C58-ADB8-762D106887DC}.Debug|Any CPU.Build.0 = Debug|Any CPU
		{5C5ADE78-F5A0-4C58-ADB8-762D106887DC}.Release|Any CPU.ActiveCfg = Release|Any CPU
		{5C5ADE78-F5A0-4C58-ADB8-762D106887DC}.Release|Any CPU.Build.0 = Release|Any CPU
	EndGlobalSection
	GlobalSection(SolutionProperties) = preSolution
		HideSolutionNode = FALSE
	EndGlobalSection
	GlobalSection(ExtensibilityGlobals) = postSolution
		SolutionGuid = {118FCABC-DB29-4AC3-8EDB-4D8D854747D4}
	EndGlobalSection
EndGlobal
