
Microsoft Visual Studio Solution File, Format Version 12.00
# Visual Studio 15
VisualStudioVersion = 15.0.28010.2003
MinimumVisualStudioVersion = 10.0.40219.1
Project("{FAE04EC0-301F-11D3-BF4B-00C04F79EFBC}") = "WhileLoop", "WhileLoop\WhileLoop.csproj", "{AC295B37-C35D-447C-9EEE-BBFB614F3B69}"
EndProject
Global
	GlobalSection(SolutionConfigurationPlatforms) = preSolution
		Debug|Any CPU = Debug|Any CPU
		Release|Any CPU = Release|Any CPU
	EndGlobalSection
	GlobalSection(ProjectConfigurationPlatforms) = postSolution
		{AC295B37-C35D-447C-9EEE-BBFB614F3B69}.Debug|Any CPU.ActiveCfg = Debug|Any CPU
		{AC295B37-C35D-447C-9EEE-BBFB614F3B69}.Debug|Any CPU.Build.0 = Debug|Any CPU
		{AC295B37-C35D-447C-9EEE-BBFB614F3B69}.Release|Any CPU.ActiveCfg = Release|Any CPU
		{AC295B37-C35D-447C-9EEE-BBFB614F3B69}.Release|Any CPU.Build.0 = Release|Any CPU
	EndGlobalSection
	GlobalSection(SolutionProperties) = preSolution
		HideSolutionNode = FALSE
	EndGlobalSection
	GlobalSection(ExtensibilityGlobals) = postSolution
		SolutionGuid = {70D49975-EF6C-49DD-A07D-9399F5FA1F05}
	EndGlobalSection
EndGlobal
