
Microsoft Visual Studio Solution File, Format Version 12.00
# Visual Studio 15
VisualStudioVersion = 15.0.28010.2019
MinimumVisualStudioVersion = 10.0.40219.1
Project("{FAE04EC0-301F-11D3-BF4B-00C04F79EFBC}") = "ArrayTryout", "ArrayTryout\ArrayTryout.csproj", "{DE0E6C98-317E-48B1-AD15-16F756C0DF58}"
EndProject
Global
	GlobalSection(SolutionConfigurationPlatforms) = preSolution
		Debug|Any CPU = Debug|Any CPU
		Release|Any CPU = Release|Any CPU
	EndGlobalSection
	GlobalSection(ProjectConfigurationPlatforms) = postSolution
		{DE0E6C98-317E-48B1-AD15-16F756C0DF58}.Debug|Any CPU.ActiveCfg = Debug|Any CPU
		{DE0E6C98-317E-48B1-AD15-16F756C0DF58}.Debug|Any CPU.Build.0 = Debug|Any CPU
		{DE0E6C98-317E-48B1-AD15-16F756C0DF58}.Release|Any CPU.ActiveCfg = Release|Any CPU
		{DE0E6C98-317E-48B1-AD15-16F756C0DF58}.Release|Any CPU.Build.0 = Release|Any CPU
	EndGlobalSection
	GlobalSection(SolutionProperties) = preSolution
		HideSolutionNode = FALSE
	EndGlobalSection
	GlobalSection(ExtensibilityGlobals) = postSolution
		SolutionGuid = {FAF6EF72-A621-485A-A3B0-B9B11C591263}
	EndGlobalSection
EndGlobal
