
Microsoft Visual Studio Solution File, Format Version 12.00
# Visual Studio 15
VisualStudioVersion = 15.0.27703.2042
MinimumVisualStudioVersion = 10.0.40219.1
Project("{FAE04EC0-301F-11D3-BF4B-00C04F79EFBC}") = "TypesAndCastingTryOut", "TypesAndCastingTryOut\TypesAndCastingTryOut.csproj", "{1337C738-1049-4837-9C3E-C21E3AC58CB4}"
EndProject
Global
	GlobalSection(SolutionConfigurationPlatforms) = preSolution
		Debug|Any CPU = Debug|Any CPU
		Release|Any CPU = Release|Any CPU
	EndGlobalSection
	GlobalSection(ProjectConfigurationPlatforms) = postSolution
		{1337C738-1049-4837-9C3E-C21E3AC58CB4}.Debug|Any CPU.ActiveCfg = Debug|Any CPU
		{1337C738-1049-4837-9C3E-C21E3AC58CB4}.Debug|Any CPU.Build.0 = Debug|Any CPU
		{1337C738-1049-4837-9C3E-C21E3AC58CB4}.Release|Any CPU.ActiveCfg = Release|Any CPU
		{1337C738-1049-4837-9C3E-C21E3AC58CB4}.Release|Any CPU.Build.0 = Release|Any CPU
	EndGlobalSection
	GlobalSection(SolutionProperties) = preSolution
		HideSolutionNode = FALSE
	EndGlobalSection
	GlobalSection(ExtensibilityGlobals) = postSolution
		SolutionGuid = {BE92BFA8-714D-410B-9A5F-AD6EF35BB228}
	EndGlobalSection
EndGlobal
